
Microsoft Visual Studio Solution File, Format Version 12.00
# Visual Studio Version 17
<<<<<<< HEAD
VisualStudioVersion = 17.0.32112.339
=======
VisualStudioVersion = 17.2.32602.215
>>>>>>> 40cd3458e27209efce93b09fe4c0a93442550103
MinimumVisualStudioVersion = 10.0.40219.1
Project("{8BC9CEB8-8B4A-11D0-8D11-00A0C91BC942}") = "CW12 Task1", "Task1\Task1.vcxproj", "{BB978956-AA68-4C74-9B00-0C5D2353A0AA}"
EndProject
Project("{8BC9CEB8-8B4A-11D0-8D11-00A0C91BC942}") = "CW12 Task2", "Task2\Task2.vcxproj", "{220A84C6-9450-4236-BA77-FB8BE29C6452}"
EndProject
Project("{8BC9CEB8-8B4A-11D0-8D11-00A0C91BC942}") = "CW12 Task3", "Task3\Task3.vcxproj", "{400B54CC-75D8-4110-888F-ED6A71500F2A}"
EndProject
Project("{8BC9CEB8-8B4A-11D0-8D11-00A0C91BC942}") = "HW12 Task2", "HW Task2\HW Task2.vcxproj", "{621051CF-921C-4DC6-84B2-52DB6975443F}"
EndProject
Project("{8BC9CEB8-8B4A-11D0-8D11-00A0C91BC942}") = "HW12 Task3", "HW Task3\HW Task3.vcxproj", "{831648BB-5040-4A87-B481-66E8B38D04F8}"
EndProject
Project("{8BC9CEB8-8B4A-11D0-8D11-00A0C91BC942}") = "HW12 Task1", "HW12 Task1\HW12 Task1.vcxproj", "{6FEDD7CB-32B5-44AF-9B77-0A1C4233EAEA}"
EndProject
Project("{8BC9CEB8-8B4A-11D0-8D11-00A0C91BC942}") = "HW13 Task1.VS2022", "HW13 Task1.VS2022\HW13 Task1.VS2022.vcxproj", "{B3866745-5E7E-4CE1-B201-0F9E04592CFF}"
EndProject
Project("{8BC9CEB8-8B4A-11D0-8D11-00A0C91BC942}") = "HW13 Task3", "HW13 Task3\HW13 Task3.vcxproj", "{B73AFEBC-869A-409F-A852-37F5A180FC2A}"
EndProject
Project("{8BC9CEB8-8B4A-11D0-8D11-00A0C91BC942}") = "НW13 Task2", "НW13 Task2\НW13 Task2.vcxproj", "{1066B0A5-5805-4970-843F-18CECE8370D1}"
EndProject
Project("{8BC9CEB8-8B4A-11D0-8D11-00A0C91BC942}") = "HW13_2 Task1", "HW13_2 Task1\HW13_2 Task1.vcxproj", "{B47AE0D4-D958-42A2-A686-E0541D2A8814}"
EndProject
Project("{8BC9CEB8-8B4A-11D0-8D11-00A0C91BC942}") = "HW13_2 Task2", "HW13_2 Task2\HW13_2 Task2.vcxproj", "{553227F9-F2D2-4F60-B418-F93555623250}"
EndProject
Project("{8BC9CEB8-8B4A-11D0-8D11-00A0C91BC942}") = "HW13_2 Task3", "HW13_2 Task3\HW13_2 Task3.vcxproj", "{E9273FAD-4A67-486C-8007-EBD09A7E63A9}"
EndProject
Project("{8BC9CEB8-8B4A-11D0-8D11-00A0C91BC942}") = "CW14 Task1", "HW14 Task1\HW14 Task1.vcxproj", "{13E537F9-D913-4FDB-B242-322150C20C3F}"
EndProject
Project("{8BC9CEB8-8B4A-11D0-8D11-00A0C91BC942}") = "CW14 Task2", "CW14 Task2\CW14 Task2.vcxproj", "{C8BC4DED-FE86-410A-8883-DB1865E01375}"
EndProject
Project("{8BC9CEB8-8B4A-11D0-8D11-00A0C91BC942}") = "CW14 Task3", "CW14 Task3\CW14 Task3.vcxproj", "{E33CEAC1-2411-4992-A969-A3803E0D0BCE}"
EndProject
Project("{8BC9CEB8-8B4A-11D0-8D11-00A0C91BC942}") = "CW030622_Cars", "CW030622_Cars\CW030622_Cars.vcxproj", "{29C94A91-9674-403B-B372-51E8ACEED2ED}"
EndProject
Project("{8BC9CEB8-8B4A-11D0-8D11-00A0C91BC942}") = "CW080622_Cash_register", "CW080622_Cash_register\CW080622_Cash_register.vcxproj", "{B2F2EEBF-F6B3-413A-913B-229E20F87204}"
EndProject
Project("{8BC9CEB8-8B4A-11D0-8D11-00A0C91BC942}") = "Exam_To-do_List", "Exam_To-do_List\Exam_To-do_List.vcxproj", "{996EFB2B-4DE4-406C-A5E6-65209E904CDA}"
EndProject
Project("{8BC9CEB8-8B4A-11D0-8D11-00A0C91BC942}") = "CW100622_Student", "CW100622_Student\CW100622_Student.vcxproj", "{354F272A-8B13-4BD2-967F-A6F6A69F94B6}"
EndProject
Project("{8BC9CEB8-8B4A-11D0-8D11-00A0C91BC942}") = "Exam_Arithmetic", "Exam_Arithmetic\Exam_Arithmetic.vcxproj", "{37253996-BDEC-4936-B708-C3639854669B}"
EndProject
Project("{8BC9CEB8-8B4A-11D0-8D11-00A0C91BC942}") = "HWOOP01_Task1", "HWOOP01_Task1\HWOOP01_Task1.vcxproj", "{C683A04E-341E-4A24-87E2-00472189A1E3}"
EndProject
Project("{8BC9CEB8-8B4A-11D0-8D11-00A0C91BC942}") = "HWOOP02_Task1", "HWOOP02_Task1\HWOOP02_Task1.vcxproj", "{A98EE912-198E-4926-8C64-BC76201EB91F}"
EndProject
Global
	GlobalSection(SolutionConfigurationPlatforms) = preSolution
		Debug|x64 = Debug|x64
		Debug|x86 = Debug|x86
		Release|x64 = Release|x64
		Release|x86 = Release|x86
	EndGlobalSection
	GlobalSection(ProjectConfigurationPlatforms) = postSolution
		{BB978956-AA68-4C74-9B00-0C5D2353A0AA}.Debug|x64.ActiveCfg = Debug|x64
		{BB978956-AA68-4C74-9B00-0C5D2353A0AA}.Debug|x64.Build.0 = Debug|x64
		{BB978956-AA68-4C74-9B00-0C5D2353A0AA}.Debug|x86.ActiveCfg = Debug|Win32
		{BB978956-AA68-4C74-9B00-0C5D2353A0AA}.Debug|x86.Build.0 = Debug|Win32
		{BB978956-AA68-4C74-9B00-0C5D2353A0AA}.Release|x64.ActiveCfg = Release|x64
		{BB978956-AA68-4C74-9B00-0C5D2353A0AA}.Release|x64.Build.0 = Release|x64
		{BB978956-AA68-4C74-9B00-0C5D2353A0AA}.Release|x86.ActiveCfg = Release|Win32
		{BB978956-AA68-4C74-9B00-0C5D2353A0AA}.Release|x86.Build.0 = Release|Win32
		{220A84C6-9450-4236-BA77-FB8BE29C6452}.Debug|x64.ActiveCfg = Debug|x64
		{220A84C6-9450-4236-BA77-FB8BE29C6452}.Debug|x64.Build.0 = Debug|x64
		{220A84C6-9450-4236-BA77-FB8BE29C6452}.Debug|x86.ActiveCfg = Debug|Win32
		{220A84C6-9450-4236-BA77-FB8BE29C6452}.Debug|x86.Build.0 = Debug|Win32
		{220A84C6-9450-4236-BA77-FB8BE29C6452}.Release|x64.ActiveCfg = Release|x64
		{220A84C6-9450-4236-BA77-FB8BE29C6452}.Release|x64.Build.0 = Release|x64
		{220A84C6-9450-4236-BA77-FB8BE29C6452}.Release|x86.ActiveCfg = Release|Win32
		{220A84C6-9450-4236-BA77-FB8BE29C6452}.Release|x86.Build.0 = Release|Win32
		{400B54CC-75D8-4110-888F-ED6A71500F2A}.Debug|x64.ActiveCfg = Debug|x64
		{400B54CC-75D8-4110-888F-ED6A71500F2A}.Debug|x64.Build.0 = Debug|x64
		{400B54CC-75D8-4110-888F-ED6A71500F2A}.Debug|x86.ActiveCfg = Debug|Win32
		{400B54CC-75D8-4110-888F-ED6A71500F2A}.Debug|x86.Build.0 = Debug|Win32
		{400B54CC-75D8-4110-888F-ED6A71500F2A}.Release|x64.ActiveCfg = Release|x64
		{400B54CC-75D8-4110-888F-ED6A71500F2A}.Release|x64.Build.0 = Release|x64
		{400B54CC-75D8-4110-888F-ED6A71500F2A}.Release|x86.ActiveCfg = Release|Win32
		{400B54CC-75D8-4110-888F-ED6A71500F2A}.Release|x86.Build.0 = Release|Win32
		{621051CF-921C-4DC6-84B2-52DB6975443F}.Debug|x64.ActiveCfg = Debug|x64
		{621051CF-921C-4DC6-84B2-52DB6975443F}.Debug|x64.Build.0 = Debug|x64
		{621051CF-921C-4DC6-84B2-52DB6975443F}.Debug|x86.ActiveCfg = Debug|Win32
		{621051CF-921C-4DC6-84B2-52DB6975443F}.Debug|x86.Build.0 = Debug|Win32
		{621051CF-921C-4DC6-84B2-52DB6975443F}.Release|x64.ActiveCfg = Release|x64
		{621051CF-921C-4DC6-84B2-52DB6975443F}.Release|x64.Build.0 = Release|x64
		{621051CF-921C-4DC6-84B2-52DB6975443F}.Release|x86.ActiveCfg = Release|Win32
		{621051CF-921C-4DC6-84B2-52DB6975443F}.Release|x86.Build.0 = Release|Win32
		{831648BB-5040-4A87-B481-66E8B38D04F8}.Debug|x64.ActiveCfg = Debug|x64
		{831648BB-5040-4A87-B481-66E8B38D04F8}.Debug|x64.Build.0 = Debug|x64
		{831648BB-5040-4A87-B481-66E8B38D04F8}.Debug|x86.ActiveCfg = Debug|Win32
		{831648BB-5040-4A87-B481-66E8B38D04F8}.Debug|x86.Build.0 = Debug|Win32
		{831648BB-5040-4A87-B481-66E8B38D04F8}.Release|x64.ActiveCfg = Release|x64
		{831648BB-5040-4A87-B481-66E8B38D04F8}.Release|x64.Build.0 = Release|x64
		{831648BB-5040-4A87-B481-66E8B38D04F8}.Release|x86.ActiveCfg = Release|Win32
		{831648BB-5040-4A87-B481-66E8B38D04F8}.Release|x86.Build.0 = Release|Win32
		{6FEDD7CB-32B5-44AF-9B77-0A1C4233EAEA}.Debug|x64.ActiveCfg = Debug|x64
		{6FEDD7CB-32B5-44AF-9B77-0A1C4233EAEA}.Debug|x64.Build.0 = Debug|x64
		{6FEDD7CB-32B5-44AF-9B77-0A1C4233EAEA}.Debug|x86.ActiveCfg = Debug|Win32
		{6FEDD7CB-32B5-44AF-9B77-0A1C4233EAEA}.Debug|x86.Build.0 = Debug|Win32
		{6FEDD7CB-32B5-44AF-9B77-0A1C4233EAEA}.Release|x64.ActiveCfg = Release|x64
		{6FEDD7CB-32B5-44AF-9B77-0A1C4233EAEA}.Release|x64.Build.0 = Release|x64
		{6FEDD7CB-32B5-44AF-9B77-0A1C4233EAEA}.Release|x86.ActiveCfg = Release|Win32
		{6FEDD7CB-32B5-44AF-9B77-0A1C4233EAEA}.Release|x86.Build.0 = Release|Win32
<<<<<<< HEAD
		{B3866745-5E7E-4CE1-B201-0F9E04592CFF}.Debug|x64.ActiveCfg = Debug|x64
		{B3866745-5E7E-4CE1-B201-0F9E04592CFF}.Debug|x64.Build.0 = Debug|x64
		{B3866745-5E7E-4CE1-B201-0F9E04592CFF}.Debug|x86.ActiveCfg = Debug|Win32
		{B3866745-5E7E-4CE1-B201-0F9E04592CFF}.Debug|x86.Build.0 = Debug|Win32
		{B3866745-5E7E-4CE1-B201-0F9E04592CFF}.Release|x64.ActiveCfg = Release|x64
		{B3866745-5E7E-4CE1-B201-0F9E04592CFF}.Release|x64.Build.0 = Release|x64
		{B3866745-5E7E-4CE1-B201-0F9E04592CFF}.Release|x86.ActiveCfg = Release|Win32
		{B3866745-5E7E-4CE1-B201-0F9E04592CFF}.Release|x86.Build.0 = Release|Win32
=======
		{E6C28AD5-564F-46E1-84F6-64B60A889A96}.Debug|x64.ActiveCfg = Debug|x64
		{E6C28AD5-564F-46E1-84F6-64B60A889A96}.Debug|x64.Build.0 = Debug|x64
		{E6C28AD5-564F-46E1-84F6-64B60A889A96}.Debug|x86.ActiveCfg = Debug|Win32
		{E6C28AD5-564F-46E1-84F6-64B60A889A96}.Debug|x86.Build.0 = Debug|Win32
		{E6C28AD5-564F-46E1-84F6-64B60A889A96}.Release|x64.ActiveCfg = Release|x64
		{E6C28AD5-564F-46E1-84F6-64B60A889A96}.Release|x64.Build.0 = Release|x64
		{E6C28AD5-564F-46E1-84F6-64B60A889A96}.Release|x86.ActiveCfg = Release|Win32
		{E6C28AD5-564F-46E1-84F6-64B60A889A96}.Release|x86.Build.0 = Release|Win32
		{B73AFEBC-869A-409F-A852-37F5A180FC2A}.Debug|x64.ActiveCfg = Debug|x64
		{B73AFEBC-869A-409F-A852-37F5A180FC2A}.Debug|x64.Build.0 = Debug|x64
		{B73AFEBC-869A-409F-A852-37F5A180FC2A}.Debug|x86.ActiveCfg = Debug|Win32
		{B73AFEBC-869A-409F-A852-37F5A180FC2A}.Debug|x86.Build.0 = Debug|Win32
		{B73AFEBC-869A-409F-A852-37F5A180FC2A}.Release|x64.ActiveCfg = Release|x64
		{B73AFEBC-869A-409F-A852-37F5A180FC2A}.Release|x64.Build.0 = Release|x64
		{B73AFEBC-869A-409F-A852-37F5A180FC2A}.Release|x86.ActiveCfg = Release|Win32
		{B73AFEBC-869A-409F-A852-37F5A180FC2A}.Release|x86.Build.0 = Release|Win32
		{1066B0A5-5805-4970-843F-18CECE8370D1}.Debug|x64.ActiveCfg = Debug|x64
		{1066B0A5-5805-4970-843F-18CECE8370D1}.Debug|x64.Build.0 = Debug|x64
		{1066B0A5-5805-4970-843F-18CECE8370D1}.Debug|x86.ActiveCfg = Debug|Win32
		{1066B0A5-5805-4970-843F-18CECE8370D1}.Debug|x86.Build.0 = Debug|Win32
		{1066B0A5-5805-4970-843F-18CECE8370D1}.Release|x64.ActiveCfg = Release|x64
		{1066B0A5-5805-4970-843F-18CECE8370D1}.Release|x64.Build.0 = Release|x64
		{1066B0A5-5805-4970-843F-18CECE8370D1}.Release|x86.ActiveCfg = Release|Win32
		{1066B0A5-5805-4970-843F-18CECE8370D1}.Release|x86.Build.0 = Release|Win32
		{B47AE0D4-D958-42A2-A686-E0541D2A8814}.Debug|x64.ActiveCfg = Debug|x64
		{B47AE0D4-D958-42A2-A686-E0541D2A8814}.Debug|x64.Build.0 = Debug|x64
		{B47AE0D4-D958-42A2-A686-E0541D2A8814}.Debug|x86.ActiveCfg = Debug|Win32
		{B47AE0D4-D958-42A2-A686-E0541D2A8814}.Debug|x86.Build.0 = Debug|Win32
		{B47AE0D4-D958-42A2-A686-E0541D2A8814}.Release|x64.ActiveCfg = Release|x64
		{B47AE0D4-D958-42A2-A686-E0541D2A8814}.Release|x64.Build.0 = Release|x64
		{B47AE0D4-D958-42A2-A686-E0541D2A8814}.Release|x86.ActiveCfg = Release|Win32
		{B47AE0D4-D958-42A2-A686-E0541D2A8814}.Release|x86.Build.0 = Release|Win32
		{553227F9-F2D2-4F60-B418-F93555623250}.Debug|x64.ActiveCfg = Debug|x64
		{553227F9-F2D2-4F60-B418-F93555623250}.Debug|x64.Build.0 = Debug|x64
		{553227F9-F2D2-4F60-B418-F93555623250}.Debug|x86.ActiveCfg = Debug|Win32
		{553227F9-F2D2-4F60-B418-F93555623250}.Debug|x86.Build.0 = Debug|Win32
		{553227F9-F2D2-4F60-B418-F93555623250}.Release|x64.ActiveCfg = Release|x64
		{553227F9-F2D2-4F60-B418-F93555623250}.Release|x64.Build.0 = Release|x64
		{553227F9-F2D2-4F60-B418-F93555623250}.Release|x86.ActiveCfg = Release|Win32
		{553227F9-F2D2-4F60-B418-F93555623250}.Release|x86.Build.0 = Release|Win32
		{E9273FAD-4A67-486C-8007-EBD09A7E63A9}.Debug|x64.ActiveCfg = Debug|x64
		{E9273FAD-4A67-486C-8007-EBD09A7E63A9}.Debug|x64.Build.0 = Debug|x64
		{E9273FAD-4A67-486C-8007-EBD09A7E63A9}.Debug|x86.ActiveCfg = Debug|Win32
		{E9273FAD-4A67-486C-8007-EBD09A7E63A9}.Debug|x86.Build.0 = Debug|Win32
		{E9273FAD-4A67-486C-8007-EBD09A7E63A9}.Release|x64.ActiveCfg = Release|x64
		{E9273FAD-4A67-486C-8007-EBD09A7E63A9}.Release|x64.Build.0 = Release|x64
		{E9273FAD-4A67-486C-8007-EBD09A7E63A9}.Release|x86.ActiveCfg = Release|Win32
		{E9273FAD-4A67-486C-8007-EBD09A7E63A9}.Release|x86.Build.0 = Release|Win32
		{13E537F9-D913-4FDB-B242-322150C20C3F}.Debug|x64.ActiveCfg = Debug|x64
		{13E537F9-D913-4FDB-B242-322150C20C3F}.Debug|x64.Build.0 = Debug|x64
		{13E537F9-D913-4FDB-B242-322150C20C3F}.Debug|x86.ActiveCfg = Debug|Win32
		{13E537F9-D913-4FDB-B242-322150C20C3F}.Debug|x86.Build.0 = Debug|Win32
		{13E537F9-D913-4FDB-B242-322150C20C3F}.Release|x64.ActiveCfg = Release|x64
		{13E537F9-D913-4FDB-B242-322150C20C3F}.Release|x64.Build.0 = Release|x64
		{13E537F9-D913-4FDB-B242-322150C20C3F}.Release|x86.ActiveCfg = Release|Win32
		{13E537F9-D913-4FDB-B242-322150C20C3F}.Release|x86.Build.0 = Release|Win32
		{C8BC4DED-FE86-410A-8883-DB1865E01375}.Debug|x64.ActiveCfg = Debug|x64
		{C8BC4DED-FE86-410A-8883-DB1865E01375}.Debug|x64.Build.0 = Debug|x64
		{C8BC4DED-FE86-410A-8883-DB1865E01375}.Debug|x86.ActiveCfg = Debug|Win32
		{C8BC4DED-FE86-410A-8883-DB1865E01375}.Debug|x86.Build.0 = Debug|Win32
		{C8BC4DED-FE86-410A-8883-DB1865E01375}.Release|x64.ActiveCfg = Release|x64
		{C8BC4DED-FE86-410A-8883-DB1865E01375}.Release|x64.Build.0 = Release|x64
		{C8BC4DED-FE86-410A-8883-DB1865E01375}.Release|x86.ActiveCfg = Release|Win32
		{C8BC4DED-FE86-410A-8883-DB1865E01375}.Release|x86.Build.0 = Release|Win32
		{E33CEAC1-2411-4992-A969-A3803E0D0BCE}.Debug|x64.ActiveCfg = Debug|x64
		{E33CEAC1-2411-4992-A969-A3803E0D0BCE}.Debug|x64.Build.0 = Debug|x64
		{E33CEAC1-2411-4992-A969-A3803E0D0BCE}.Debug|x86.ActiveCfg = Debug|Win32
		{E33CEAC1-2411-4992-A969-A3803E0D0BCE}.Debug|x86.Build.0 = Debug|Win32
		{E33CEAC1-2411-4992-A969-A3803E0D0BCE}.Release|x64.ActiveCfg = Release|x64
		{E33CEAC1-2411-4992-A969-A3803E0D0BCE}.Release|x64.Build.0 = Release|x64
		{E33CEAC1-2411-4992-A969-A3803E0D0BCE}.Release|x86.ActiveCfg = Release|Win32
		{E33CEAC1-2411-4992-A969-A3803E0D0BCE}.Release|x86.Build.0 = Release|Win32
		{29C94A91-9674-403B-B372-51E8ACEED2ED}.Debug|x64.ActiveCfg = Debug|x64
		{29C94A91-9674-403B-B372-51E8ACEED2ED}.Debug|x64.Build.0 = Debug|x64
		{29C94A91-9674-403B-B372-51E8ACEED2ED}.Debug|x86.ActiveCfg = Debug|Win32
		{29C94A91-9674-403B-B372-51E8ACEED2ED}.Debug|x86.Build.0 = Debug|Win32
		{29C94A91-9674-403B-B372-51E8ACEED2ED}.Release|x64.ActiveCfg = Release|x64
		{29C94A91-9674-403B-B372-51E8ACEED2ED}.Release|x64.Build.0 = Release|x64
		{29C94A91-9674-403B-B372-51E8ACEED2ED}.Release|x86.ActiveCfg = Release|Win32
		{29C94A91-9674-403B-B372-51E8ACEED2ED}.Release|x86.Build.0 = Release|Win32
		{B2F2EEBF-F6B3-413A-913B-229E20F87204}.Debug|x64.ActiveCfg = Debug|x64
		{B2F2EEBF-F6B3-413A-913B-229E20F87204}.Debug|x64.Build.0 = Debug|x64
		{B2F2EEBF-F6B3-413A-913B-229E20F87204}.Debug|x86.ActiveCfg = Debug|Win32
		{B2F2EEBF-F6B3-413A-913B-229E20F87204}.Debug|x86.Build.0 = Debug|Win32
		{B2F2EEBF-F6B3-413A-913B-229E20F87204}.Release|x64.ActiveCfg = Release|x64
		{B2F2EEBF-F6B3-413A-913B-229E20F87204}.Release|x64.Build.0 = Release|x64
		{B2F2EEBF-F6B3-413A-913B-229E20F87204}.Release|x86.ActiveCfg = Release|Win32
		{B2F2EEBF-F6B3-413A-913B-229E20F87204}.Release|x86.Build.0 = Release|Win32
		{996EFB2B-4DE4-406C-A5E6-65209E904CDA}.Debug|x64.ActiveCfg = Debug|x64
		{996EFB2B-4DE4-406C-A5E6-65209E904CDA}.Debug|x64.Build.0 = Debug|x64
		{996EFB2B-4DE4-406C-A5E6-65209E904CDA}.Debug|x86.ActiveCfg = Debug|Win32
		{996EFB2B-4DE4-406C-A5E6-65209E904CDA}.Debug|x86.Build.0 = Debug|Win32
		{996EFB2B-4DE4-406C-A5E6-65209E904CDA}.Release|x64.ActiveCfg = Release|x64
		{996EFB2B-4DE4-406C-A5E6-65209E904CDA}.Release|x64.Build.0 = Release|x64
		{996EFB2B-4DE4-406C-A5E6-65209E904CDA}.Release|x86.ActiveCfg = Release|Win32
		{996EFB2B-4DE4-406C-A5E6-65209E904CDA}.Release|x86.Build.0 = Release|Win32
		{354F272A-8B13-4BD2-967F-A6F6A69F94B6}.Debug|x64.ActiveCfg = Debug|x64
		{354F272A-8B13-4BD2-967F-A6F6A69F94B6}.Debug|x64.Build.0 = Debug|x64
		{354F272A-8B13-4BD2-967F-A6F6A69F94B6}.Debug|x86.ActiveCfg = Debug|Win32
		{354F272A-8B13-4BD2-967F-A6F6A69F94B6}.Debug|x86.Build.0 = Debug|Win32
		{354F272A-8B13-4BD2-967F-A6F6A69F94B6}.Release|x64.ActiveCfg = Release|x64
		{354F272A-8B13-4BD2-967F-A6F6A69F94B6}.Release|x64.Build.0 = Release|x64
		{354F272A-8B13-4BD2-967F-A6F6A69F94B6}.Release|x86.ActiveCfg = Release|Win32
		{354F272A-8B13-4BD2-967F-A6F6A69F94B6}.Release|x86.Build.0 = Release|Win32
		{37253996-BDEC-4936-B708-C3639854669B}.Debug|x64.ActiveCfg = Debug|x64
		{37253996-BDEC-4936-B708-C3639854669B}.Debug|x64.Build.0 = Debug|x64
		{37253996-BDEC-4936-B708-C3639854669B}.Debug|x86.ActiveCfg = Debug|Win32
		{37253996-BDEC-4936-B708-C3639854669B}.Debug|x86.Build.0 = Debug|Win32
		{37253996-BDEC-4936-B708-C3639854669B}.Release|x64.ActiveCfg = Release|x64
		{37253996-BDEC-4936-B708-C3639854669B}.Release|x64.Build.0 = Release|x64
		{37253996-BDEC-4936-B708-C3639854669B}.Release|x86.ActiveCfg = Release|Win32
		{37253996-BDEC-4936-B708-C3639854669B}.Release|x86.Build.0 = Release|Win32
		{C683A04E-341E-4A24-87E2-00472189A1E3}.Debug|x64.ActiveCfg = Debug|x64
		{C683A04E-341E-4A24-87E2-00472189A1E3}.Debug|x64.Build.0 = Debug|x64
		{C683A04E-341E-4A24-87E2-00472189A1E3}.Debug|x86.ActiveCfg = Debug|Win32
		{C683A04E-341E-4A24-87E2-00472189A1E3}.Debug|x86.Build.0 = Debug|Win32
		{C683A04E-341E-4A24-87E2-00472189A1E3}.Release|x64.ActiveCfg = Release|x64
		{C683A04E-341E-4A24-87E2-00472189A1E3}.Release|x64.Build.0 = Release|x64
		{C683A04E-341E-4A24-87E2-00472189A1E3}.Release|x86.ActiveCfg = Release|Win32
		{C683A04E-341E-4A24-87E2-00472189A1E3}.Release|x86.Build.0 = Release|Win32
		{A98EE912-198E-4926-8C64-BC76201EB91F}.Debug|x64.ActiveCfg = Debug|x64
		{A98EE912-198E-4926-8C64-BC76201EB91F}.Debug|x64.Build.0 = Debug|x64
		{A98EE912-198E-4926-8C64-BC76201EB91F}.Debug|x86.ActiveCfg = Debug|Win32
		{A98EE912-198E-4926-8C64-BC76201EB91F}.Debug|x86.Build.0 = Debug|Win32
		{A98EE912-198E-4926-8C64-BC76201EB91F}.Release|x64.ActiveCfg = Release|x64
		{A98EE912-198E-4926-8C64-BC76201EB91F}.Release|x64.Build.0 = Release|x64
		{A98EE912-198E-4926-8C64-BC76201EB91F}.Release|x86.ActiveCfg = Release|Win32
		{A98EE912-198E-4926-8C64-BC76201EB91F}.Release|x86.Build.0 = Release|Win32
>>>>>>> 40cd3458e27209efce93b09fe4c0a93442550103
	EndGlobalSection
	GlobalSection(SolutionProperties) = preSolution
		HideSolutionNode = FALSE
	EndGlobalSection
	GlobalSection(ExtensibilityGlobals) = postSolution
		SolutionGuid = {FD81D355-93C4-45E9-BE08-6B0F48AB8A6D}
	EndGlobalSection
EndGlobal
